
Microsoft Visual Studio Solution File, Format Version 12.00
# Visual Studio Version 17
VisualStudioVersion = 17.11.35208.52
MinimumVisualStudioVersion = 10.0.40219.1
Project("{9A19103F-16F7-4668-BE54-9A1E7A4F7556}") = "TaskRegistry.Api", "TaskRegistry.Api\TaskRegistry.Api.csproj", "{4114D97D-F086-4EA2-A0EE-CE4ABD61E42A}"
EndProject
Project("{FAE04EC0-301F-11D3-BF4B-00C04F79EFBC}") = "TaskRegistry.Frontend", "TaskRegistry.Frontend\TaskRegistry.Frontend.csproj", "{34CF0768-3571-4805-9531-7652F4F4C31A}"
EndProject
Project("{9A19103F-16F7-4668-BE54-9A1E7A4F7556}") = "TaskRegistry.Tests", "TaskRegistry.Tests\TaskRegistry.Tests.csproj", "{7B1802E0-3CD2-4B13-8150-6F98ACAF2B8F}"
EndProject
Global
	GlobalSection(SolutionConfigurationPlatforms) = preSolution
		Debug|Any CPU = Debug|Any CPU
		Release|Any CPU = Release|Any CPU
	EndGlobalSection
	GlobalSection(ProjectConfigurationPlatforms) = postSolution
		{4114D97D-F086-4EA2-A0EE-CE4ABD61E42A}.Debug|Any CPU.ActiveCfg = Debug|Any CPU
		{4114D97D-F086-4EA2-A0EE-CE4ABD61E42A}.Debug|Any CPU.Build.0 = Debug|Any CPU
		{4114D97D-F086-4EA2-A0EE-CE4ABD61E42A}.Release|Any CPU.ActiveCfg = Release|Any CPU
		{4114D97D-F086-4EA2-A0EE-CE4ABD61E42A}.Release|Any CPU.Build.0 = Release|Any CPU
		{34CF0768-3571-4805-9531-7652F4F4C31A}.Debug|Any CPU.ActiveCfg = Debug|Any CPU
		{34CF0768-3571-4805-9531-7652F4F4C31A}.Debug|Any CPU.Build.0 = Debug|Any CPU
		{34CF0768-3571-4805-9531-7652F4F4C31A}.Release|Any CPU.ActiveCfg = Release|Any CPU
		{34CF0768-3571-4805-9531-7652F4F4C31A}.Release|Any CPU.Build.0 = Release|Any CPU
		{7B1802E0-3CD2-4B13-8150-6F98ACAF2B8F}.Debug|Any CPU.ActiveCfg = Debug|Any CPU
		{7B1802E0-3CD2-4B13-8150-6F98ACAF2B8F}.Debug|Any CPU.Build.0 = Debug|Any CPU
		{7B1802E0-3CD2-4B13-8150-6F98ACAF2B8F}.Release|Any CPU.ActiveCfg = Release|Any CPU
		{7B1802E0-3CD2-4B13-8150-6F98ACAF2B8F}.Release|Any CPU.Build.0 = Release|Any CPU
	EndGlobalSection
	GlobalSection(SolutionProperties) = preSolution
		HideSolutionNode = FALSE
	EndGlobalSection
	GlobalSection(ExtensibilityGlobals) = postSolution
		SolutionGuid = {94600991-4C44-40F5-B19F-58E4AC62DDAF}
	EndGlobalSection
EndGlobal
